
Microsoft Visual Studio Solution File, Format Version 12.00
# Visual Studio 15
VisualStudioVersion = 15.0.28307.106
MinimumVisualStudioVersion = 10.0.40219.1
Project("{9A19103F-16F7-4668-BE54-9A1E7A4F7556}") = "WebApi", "..\..\source\repos\GraphQLIntegrated2\WebApi\WebApi.csproj", "{C1CEEADB-7ACA-44B0-A384-BE317DA5CB14}"
EndProject
Project("{9A19103F-16F7-4668-BE54-9A1E7A4F7556}") = "WebClient", "WebClient\WebClient.csproj", "{1C9E1F76-4853-48D3-ABD4-0FB8DFB314B8}"
EndProject
Global
	GlobalSection(SolutionConfigurationPlatforms) = preSolution
		Debug|Any CPU = Debug|Any CPU
		Release|Any CPU = Release|Any CPU
	EndGlobalSection
	GlobalSection(ProjectConfigurationPlatforms) = postSolution
		{C1CEEADB-7ACA-44B0-A384-BE317DA5CB14}.Debug|Any CPU.ActiveCfg = Debug|Any CPU
		{C1CEEADB-7ACA-44B0-A384-BE317DA5CB14}.Debug|Any CPU.Build.0 = Debug|Any CPU
		{C1CEEADB-7ACA-44B0-A384-BE317DA5CB14}.Release|Any CPU.ActiveCfg = Release|Any CPU
		{C1CEEADB-7ACA-44B0-A384-BE317DA5CB14}.Release|Any CPU.Build.0 = Release|Any CPU
		{1C9E1F76-4853-48D3-ABD4-0FB8DFB314B8}.Debug|Any CPU.ActiveCfg = Debug|Any CPU
		{1C9E1F76-4853-48D3-ABD4-0FB8DFB314B8}.Debug|Any CPU.Build.0 = Debug|Any CPU
		{1C9E1F76-4853-48D3-ABD4-0FB8DFB314B8}.Release|Any CPU.ActiveCfg = Release|Any CPU
		{1C9E1F76-4853-48D3-ABD4-0FB8DFB314B8}.Release|Any CPU.Build.0 = Release|Any CPU
	EndGlobalSection
	GlobalSection(SolutionProperties) = preSolution
		HideSolutionNode = FALSE
	EndGlobalSection
	GlobalSection(ExtensibilityGlobals) = postSolution
		SolutionGuid = {E96563DE-93AD-485B-875B-7E66EAE9711D}
	EndGlobalSection
EndGlobal
